
Microsoft Visual Studio Solution File, Format Version 12.00
# Visual Studio 15
VisualStudioVersion = 15.0.28307.902
MinimumVisualStudioVersion = 10.0.40219.1
Project("{FAE04EC0-301F-11D3-BF4B-00C04F79EFBC}") = "FirstUniqueCharacterInAString", "FirstUniqueCharacterInAString\FirstUniqueCharacterInAString.csproj", "{043240EA-077E-444F-B24A-52B9DA98808B}"
EndProject
Project("{FAE04EC0-301F-11D3-BF4B-00C04F79EFBC}") = "UnitTestsFirstUniqueCharacterInAString", "UnitTestsFirstUniqueCharacterInAString\UnitTestsFirstUniqueCharacterInAString.csproj", "{380283A5-64F5-4261-B2E5-D94EFC8F5CFA}"
EndProject
Global
	GlobalSection(SolutionConfigurationPlatforms) = preSolution
		Debug|Any CPU = Debug|Any CPU
		Release|Any CPU = Release|Any CPU
	EndGlobalSection
	GlobalSection(ProjectConfigurationPlatforms) = postSolution
		{043240EA-077E-444F-B24A-52B9DA98808B}.Debug|Any CPU.ActiveCfg = Debug|Any CPU
		{043240EA-077E-444F-B24A-52B9DA98808B}.Debug|Any CPU.Build.0 = Debug|Any CPU
		{043240EA-077E-444F-B24A-52B9DA98808B}.Release|Any CPU.ActiveCfg = Release|Any CPU
		{043240EA-077E-444F-B24A-52B9DA98808B}.Release|Any CPU.Build.0 = Release|Any CPU
		{380283A5-64F5-4261-B2E5-D94EFC8F5CFA}.Debug|Any CPU.ActiveCfg = Debug|Any CPU
		{380283A5-64F5-4261-B2E5-D94EFC8F5CFA}.Debug|Any CPU.Build.0 = Debug|Any CPU
		{380283A5-64F5-4261-B2E5-D94EFC8F5CFA}.Release|Any CPU.ActiveCfg = Release|Any CPU
		{380283A5-64F5-4261-B2E5-D94EFC8F5CFA}.Release|Any CPU.Build.0 = Release|Any CPU
	EndGlobalSection
	GlobalSection(SolutionProperties) = preSolution
		HideSolutionNode = FALSE
	EndGlobalSection
	GlobalSection(ExtensibilityGlobals) = postSolution
		SolutionGuid = {EF9CA904-1B1F-4763-8E1F-225F7C9B4C3E}
	EndGlobalSection
EndGlobal
